// !$*UTF8*$!
{
	archiveVersion = 1;
	classes = {
	};
	objectVersion = 50;
	objects = {

/* Begin PBXBuildFile section */
		D6147EF4260266400022B7E9 /* VideoModel.swift in Sources */ = {isa = PBXBuildFile; fileRef = D6147EF3260266400022B7E9 /* VideoModel.swift */; };
		D6147EF7260266910022B7E9 /* VideoListItemView.swift in Sources */ = {isa = PBXBuildFile; fileRef = D6147EF6260266910022B7E9 /* VideoListItemView.swift */; };
		D6147EFB26026C650022B7E9 /* VideoPlayerView.swift in Sources */ = {isa = PBXBuildFile; fileRef = D6147EFA26026C650022B7E9 /* VideoPlayerView.swift */; };
		D6147EFF26026D2A0022B7E9 /* VideoPlayerHelper.swift in Sources */ = {isa = PBXBuildFile; fileRef = D6147EFE26026D2A0022B7E9 /* VideoPlayerHelper.swift */; };
		D619C07625F62A3200210896 /* AnimalDetailView.swift in Sources */ = {isa = PBXBuildFile; fileRef = D619C07525F62A3200210896 /* AnimalDetailView.swift */; };
		D619C07925F62CC200210896 /* HeadingView.swift in Sources */ = {isa = PBXBuildFile; fileRef = D619C07825F62CC200210896 /* HeadingView.swift */; };
		D619C07C25F62E0900210896 /* InsetGalleryView.swift in Sources */ = {isa = PBXBuildFile; fileRef = D619C07B25F62E0900210896 /* InsetGalleryView.swift */; };
		D63BEE2E25F5711C007C4AA5 /* AfricaApp.swift in Sources */ = {isa = PBXBuildFile; fileRef = D63BEE2D25F5711C007C4AA5 /* AfricaApp.swift */; };
		D63BEE3025F5711C007C4AA5 /* ContentView.swift in Sources */ = {isa = PBXBuildFile; fileRef = D63BEE2F25F5711C007C4AA5 /* ContentView.swift */; };
		D63BEE3225F5711D007C4AA5 /* Assets.xcassets in Resources */ = {isa = PBXBuildFile; fileRef = D63BEE3125F5711D007C4AA5 /* Assets.xcassets */; };
		D63BEE3525F5711D007C4AA5 /* Preview Assets.xcassets in Resources */ = {isa = PBXBuildFile; fileRef = D63BEE3425F5711D007C4AA5 /* Preview Assets.xcassets */; };
		D63BEE4825F572B1007C4AA5 /* gorilla.mp4 in Resources */ = {isa = PBXBuildFile; fileRef = D63BEE3E25F572AF007C4AA5 /* gorilla.mp4 */; };
		D63BEE4925F572B1007C4AA5 /* hippo.mp4 in Resources */ = {isa = PBXBuildFile; fileRef = D63BEE3F25F572AF007C4AA5 /* hippo.mp4 */; };
		D63BEE4A25F572B1007C4AA5 /* lioness.mp4 in Resources */ = {isa = PBXBuildFile; fileRef = D63BEE4025F572AF007C4AA5 /* lioness.mp4 */; };
		D63BEE4B25F572B1007C4AA5 /* zebra.mp4 in Resources */ = {isa = PBXBuildFile; fileRef = D63BEE4125F572AF007C4AA5 /* zebra.mp4 */; };
		D63BEE4C25F572B1007C4AA5 /* giraffe.mp4 in Resources */ = {isa = PBXBuildFile; fileRef = D63BEE4225F572B0007C4AA5 /* giraffe.mp4 */; };
		D63BEE4D25F572B1007C4AA5 /* ostrich.mp4 in Resources */ = {isa = PBXBuildFile; fileRef = D63BEE4325F572B0007C4AA5 /* ostrich.mp4 */; };
		D63BEE4E25F572B1007C4AA5 /* cheetah.mp4 in Resources */ = {isa = PBXBuildFile; fileRef = D63BEE4425F572B0007C4AA5 /* cheetah.mp4 */; };
		D63BEE4F25F572B1007C4AA5 /* elephant.mp4 in Resources */ = {isa = PBXBuildFile; fileRef = D63BEE4525F572B0007C4AA5 /* elephant.mp4 */; };
		D63BEE5025F572B1007C4AA5 /* rhino.mp4 in Resources */ = {isa = PBXBuildFile; fileRef = D63BEE4625F572B0007C4AA5 /* rhino.mp4 */; };
		D63BEE5125F572B1007C4AA5 /* lion.mp4 in Resources */ = {isa = PBXBuildFile; fileRef = D63BEE4725F572B1007C4AA5 /* lion.mp4 */; };
		D63BEE5825F572F8007C4AA5 /* animals.json in Resources */ = {isa = PBXBuildFile; fileRef = D63BEE5425F572F8007C4AA5 /* animals.json */; };
		D63BEE5925F572F8007C4AA5 /* videos.json in Resources */ = {isa = PBXBuildFile; fileRef = D63BEE5525F572F8007C4AA5 /* videos.json */; };
		D63BEE5A25F572F8007C4AA5 /* locations.json in Resources */ = {isa = PBXBuildFile; fileRef = D63BEE5625F572F8007C4AA5 /* locations.json */; };
		D63BEE5B25F572F8007C4AA5 /* covers.json in Resources */ = {isa = PBXBuildFile; fileRef = D63BEE5725F572F8007C4AA5 /* covers.json */; };
		D63BEE6125F5759A007C4AA5 /* VideoListView.swift in Sources */ = {isa = PBXBuildFile; fileRef = D63BEE6025F5759A007C4AA5 /* VideoListView.swift */; };
		D63BEE6425F575AA007C4AA5 /* MapView.swift in Sources */ = {isa = PBXBuildFile; fileRef = D63BEE6325F575AA007C4AA5 /* MapView.swift */; };
		D63BEE6725F575BE007C4AA5 /* GalleryView.swift in Sources */ = {isa = PBXBuildFile; fileRef = D63BEE6625F575BE007C4AA5 /* GalleryView.swift */; };
		D63BEE6A25F575CE007C4AA5 /* MainView.swift in Sources */ = {isa = PBXBuildFile; fileRef = D63BEE6925F575CE007C4AA5 /* MainView.swift */; };
		D63BEE6E25F57710007C4AA5 /* CoverImageView.swift in Sources */ = {isa = PBXBuildFile; fileRef = D63BEE6D25F57710007C4AA5 /* CoverImageView.swift */; };
		D63BEE7325F57801007C4AA5 /* CoverImageModel.swift in Sources */ = {isa = PBXBuildFile; fileRef = D63BEE7225F57801007C4AA5 /* CoverImageModel.swift */; };
		D63BEE7825F57869007C4AA5 /* CodableBundleExtension.swift in Sources */ = {isa = PBXBuildFile; fileRef = D63BEE7725F57869007C4AA5 /* CodableBundleExtension.swift */; };
		D63BEE7C25F57B3C007C4AA5 /* AnimalListItemView.swift in Sources */ = {isa = PBXBuildFile; fileRef = D63BEE7B25F57B3C007C4AA5 /* AnimalListItemView.swift */; };
		D63BEE7F25F57CA0007C4AA5 /* AnimalModel.swift in Sources */ = {isa = PBXBuildFile; fileRef = D63BEE7E25F57CA0007C4AA5 /* AnimalModel.swift */; };
		D64779A52600D2F600CAECD4 /* InsetMapView.swift in Sources */ = {isa = PBXBuildFile; fileRef = D64779A42600D2F600CAECD4 /* InsetMapView.swift */; };
		D64779A82600D62900CAECD4 /* ExternalWeblinkView.swift in Sources */ = {isa = PBXBuildFile; fileRef = D64779A72600D62900CAECD4 /* ExternalWeblinkView.swift */; };
		D69818F02600C7FC00AB0DD3 /* InsetFactView.swift in Sources */ = {isa = PBXBuildFile; fileRef = D69818EF2600C7FC00AB0DD3 /* InsetFactView.swift */; };
/* End PBXBuildFile section */

/* Begin PBXFileReference section */
		D6147EF3260266400022B7E9 /* VideoModel.swift */ = {isa = PBXFileReference; lastKnownFileType = sourcecode.swift; path = VideoModel.swift; sourceTree = "<group>"; };
		D6147EF6260266910022B7E9 /* VideoListItemView.swift */ = {isa = PBXFileReference; lastKnownFileType = sourcecode.swift; path = VideoListItemView.swift; sourceTree = "<group>"; };
		D6147EFA26026C650022B7E9 /* VideoPlayerView.swift */ = {isa = PBXFileReference; lastKnownFileType = sourcecode.swift; path = VideoPlayerView.swift; sourceTree = "<group>"; };
		D6147EFE26026D2A0022B7E9 /* VideoPlayerHelper.swift */ = {isa = PBXFileReference; lastKnownFileType = sourcecode.swift; path = VideoPlayerHelper.swift; sourceTree = "<group>"; };
		D619C07525F62A3200210896 /* AnimalDetailView.swift */ = {isa = PBXFileReference; lastKnownFileType = sourcecode.swift; path = AnimalDetailView.swift; sourceTree = "<group>"; };
		D619C07825F62CC200210896 /* HeadingView.swift */ = {isa = PBXFileReference; lastKnownFileType = sourcecode.swift; path = HeadingView.swift; sourceTree = "<group>"; };
		D619C07B25F62E0900210896 /* InsetGalleryView.swift */ = {isa = PBXFileReference; lastKnownFileType = sourcecode.swift; path = InsetGalleryView.swift; sourceTree = "<group>"; };
		D63BEE2A25F5711C007C4AA5 /* Africa.app */ = {isa = PBXFileReference; explicitFileType = wrapper.application; includeInIndex = 0; path = Africa.app; sourceTree = BUILT_PRODUCTS_DIR; };
		D63BEE2D25F5711C007C4AA5 /* AfricaApp.swift */ = {isa = PBXFileReference; lastKnownFileType = sourcecode.swift; path = AfricaApp.swift; sourceTree = "<group>"; };
		D63BEE2F25F5711C007C4AA5 /* ContentView.swift */ = {isa = PBXFileReference; lastKnownFileType = sourcecode.swift; path = ContentView.swift; sourceTree = "<group>"; };
		D63BEE3125F5711D007C4AA5 /* Assets.xcassets */ = {isa = PBXFileReference; lastKnownFileType = folder.assetcatalog; path = Assets.xcassets; sourceTree = "<group>"; };
		D63BEE3425F5711D007C4AA5 /* Preview Assets.xcassets */ = {isa = PBXFileReference; lastKnownFileType = folder.assetcatalog; path = "Preview Assets.xcassets"; sourceTree = "<group>"; };
		D63BEE3625F5711D007C4AA5 /* Info.plist */ = {isa = PBXFileReference; lastKnownFileType = text.plist.xml; path = Info.plist; sourceTree = "<group>"; };
		D63BEE3E25F572AF007C4AA5 /* gorilla.mp4 */ = {isa = PBXFileReference; lastKnownFileType = file; path = gorilla.mp4; sourceTree = "<group>"; };
		D63BEE3F25F572AF007C4AA5 /* hippo.mp4 */ = {isa = PBXFileReference; lastKnownFileType = file; path = hippo.mp4; sourceTree = "<group>"; };
		D63BEE4025F572AF007C4AA5 /* lioness.mp4 */ = {isa = PBXFileReference; lastKnownFileType = file; path = lioness.mp4; sourceTree = "<group>"; };
		D63BEE4125F572AF007C4AA5 /* zebra.mp4 */ = {isa = PBXFileReference; lastKnownFileType = file; path = zebra.mp4; sourceTree = "<group>"; };
		D63BEE4225F572B0007C4AA5 /* giraffe.mp4 */ = {isa = PBXFileReference; lastKnownFileType = file; path = giraffe.mp4; sourceTree = "<group>"; };
		D63BEE4325F572B0007C4AA5 /* ostrich.mp4 */ = {isa = PBXFileReference; lastKnownFileType = file; path = ostrich.mp4; sourceTree = "<group>"; };
		D63BEE4425F572B0007C4AA5 /* cheetah.mp4 */ = {isa = PBXFileReference; lastKnownFileType = file; path = cheetah.mp4; sourceTree = "<group>"; };
		D63BEE4525F572B0007C4AA5 /* elephant.mp4 */ = {isa = PBXFileReference; lastKnownFileType = file; path = elephant.mp4; sourceTree = "<group>"; };
		D63BEE4625F572B0007C4AA5 /* rhino.mp4 */ = {isa = PBXFileReference; lastKnownFileType = file; path = rhino.mp4; sourceTree = "<group>"; };
		D63BEE4725F572B1007C4AA5 /* lion.mp4 */ = {isa = PBXFileReference; lastKnownFileType = file; path = lion.mp4; sourceTree = "<group>"; };
		D63BEE5425F572F8007C4AA5 /* animals.json */ = {isa = PBXFileReference; fileEncoding = 4; lastKnownFileType = text.json; path = animals.json; sourceTree = "<group>"; };
		D63BEE5525F572F8007C4AA5 /* videos.json */ = {isa = PBXFileReference; fileEncoding = 4; lastKnownFileType = text.json; path = videos.json; sourceTree = "<group>"; };
		D63BEE5625F572F8007C4AA5 /* locations.json */ = {isa = PBXFileReference; fileEncoding = 4; lastKnownFileType = text.json; path = locations.json; sourceTree = "<group>"; };
		D63BEE5725F572F8007C4AA5 /* covers.json */ = {isa = PBXFileReference; fileEncoding = 4; lastKnownFileType = text.json; path = covers.json; sourceTree = "<group>"; };
		D63BEE6025F5759A007C4AA5 /* VideoListView.swift */ = {isa = PBXFileReference; lastKnownFileType = sourcecode.swift; path = VideoListView.swift; sourceTree = "<group>"; };
		D63BEE6325F575AA007C4AA5 /* MapView.swift */ = {isa = PBXFileReference; lastKnownFileType = sourcecode.swift; path = MapView.swift; sourceTree = "<group>"; };
		D63BEE6625F575BE007C4AA5 /* GalleryView.swift */ = {isa = PBXFileReference; lastKnownFileType = sourcecode.swift; path = GalleryView.swift; sourceTree = "<group>"; };
		D63BEE6925F575CE007C4AA5 /* MainView.swift */ = {isa = PBXFileReference; lastKnownFileType = sourcecode.swift; path = MainView.swift; sourceTree = "<group>"; };
		D63BEE6D25F57710007C4AA5 /* CoverImageView.swift */ = {isa = PBXFileReference; lastKnownFileType = sourcecode.swift; path = CoverImageView.swift; sourceTree = "<group>"; };
		D63BEE7225F57801007C4AA5 /* CoverImageModel.swift */ = {isa = PBXFileReference; lastKnownFileType = sourcecode.swift; path = CoverImageModel.swift; sourceTree = "<group>"; };
		D63BEE7725F57869007C4AA5 /* CodableBundleExtension.swift */ = {isa = PBXFileReference; lastKnownFileType = sourcecode.swift; path = CodableBundleExtension.swift; sourceTree = "<group>"; };
		D63BEE7B25F57B3C007C4AA5 /* AnimalListItemView.swift */ = {isa = PBXFileReference; lastKnownFileType = sourcecode.swift; path = AnimalListItemView.swift; sourceTree = "<group>"; };
		D63BEE7E25F57CA0007C4AA5 /* AnimalModel.swift */ = {isa = PBXFileReference; lastKnownFileType = sourcecode.swift; path = AnimalModel.swift; sourceTree = "<group>"; };
		D64779A42600D2F600CAECD4 /* InsetMapView.swift */ = {isa = PBXFileReference; lastKnownFileType = sourcecode.swift; path = InsetMapView.swift; sourceTree = "<group>"; };
		D64779A72600D62900CAECD4 /* ExternalWeblinkView.swift */ = {isa = PBXFileReference; lastKnownFileType = sourcecode.swift; path = ExternalWeblinkView.swift; sourceTree = "<group>"; };
		D69818EF2600C7FC00AB0DD3 /* InsetFactView.swift */ = {isa = PBXFileReference; lastKnownFileType = sourcecode.swift; path = InsetFactView.swift; sourceTree = "<group>"; };
/* End PBXFileReference section */

/* Begin PBXFrameworksBuildPhase section */
		D63BEE2725F5711C007C4AA5 /* Frameworks */ = {
			isa = PBXFrameworksBuildPhase;
			buildActionMask = 2147483647;
			files = (
			);
			runOnlyForDeploymentPostprocessing = 0;
		};
/* End PBXFrameworksBuildPhase section */

/* Begin PBXGroup section */
		D6147EFD26026D160022B7E9 /* Helper */ = {
			isa = PBXGroup;
			children = (
				D6147EFE26026D2A0022B7E9 /* VideoPlayerHelper.swift */,
			);
			path = Helper;
			sourceTree = "<group>";
		};
		D63BEE2125F5711C007C4AA5 = {
			isa = PBXGroup;
			children = (
				D63BEE2C25F5711C007C4AA5 /* Africa */,
				D63BEE2B25F5711C007C4AA5 /* Products */,
			);
			sourceTree = "<group>";
		};
		D63BEE2B25F5711C007C4AA5 /* Products */ = {
			isa = PBXGroup;
			children = (
				D63BEE2A25F5711C007C4AA5 /* Africa.app */,
			);
			name = Products;
			sourceTree = "<group>";
		};
		D63BEE2C25F5711C007C4AA5 /* Africa */ = {
			isa = PBXGroup;
			children = (
				D6147EFD26026D160022B7E9 /* Helper */,
				D63BEE5D25F57480007C4AA5 /* App */,
				D63BEE7125F577ED007C4AA5 /* Model */,
				D63BEE6C25F57703007C4AA5 /* View */,
				D63BEE7625F57856007C4AA5 /* Extension */,
				D63BEE5325F572EE007C4AA5 /* Data */,
				D63BEE3D25F572A1007C4AA5 /* Video */,
				D63BEE3125F5711D007C4AA5 /* Assets.xcassets */,
				D63BEE3625F5711D007C4AA5 /* Info.plist */,
				D63BEE3325F5711D007C4AA5 /* Preview Content */,
			);
			path = Africa;
			sourceTree = "<group>";
		};
		D63BEE3325F5711D007C4AA5 /* Preview Content */ = {
			isa = PBXGroup;
			children = (
				D63BEE3425F5711D007C4AA5 /* Preview Assets.xcassets */,
			);
			path = "Preview Content";
			sourceTree = "<group>";
		};
		D63BEE3D25F572A1007C4AA5 /* Video */ = {
			isa = PBXGroup;
			children = (
				D63BEE4425F572B0007C4AA5 /* cheetah.mp4 */,
				D63BEE4525F572B0007C4AA5 /* elephant.mp4 */,
				D63BEE4225F572B0007C4AA5 /* giraffe.mp4 */,
				D63BEE3E25F572AF007C4AA5 /* gorilla.mp4 */,
				D63BEE3F25F572AF007C4AA5 /* hippo.mp4 */,
				D63BEE4725F572B1007C4AA5 /* lion.mp4 */,
				D63BEE4025F572AF007C4AA5 /* lioness.mp4 */,
				D63BEE4325F572B0007C4AA5 /* ostrich.mp4 */,
				D63BEE4625F572B0007C4AA5 /* rhino.mp4 */,
				D63BEE4125F572AF007C4AA5 /* zebra.mp4 */,
			);
			path = Video;
			sourceTree = "<group>";
		};
		D63BEE5325F572EE007C4AA5 /* Data */ = {
			isa = PBXGroup;
			children = (
				D63BEE5425F572F8007C4AA5 /* animals.json */,
				D63BEE5725F572F8007C4AA5 /* covers.json */,
				D63BEE5625F572F8007C4AA5 /* locations.json */,
				D63BEE5525F572F8007C4AA5 /* videos.json */,
			);
			path = Data;
			sourceTree = "<group>";
		};
		D63BEE5D25F57480007C4AA5 /* App */ = {
			isa = PBXGroup;
			children = (
				D63BEE2D25F5711C007C4AA5 /* AfricaApp.swift */,
				D63BEE2F25F5711C007C4AA5 /* ContentView.swift */,
				D63BEE6025F5759A007C4AA5 /* VideoListView.swift */,
				D63BEE6325F575AA007C4AA5 /* MapView.swift */,
				D63BEE6625F575BE007C4AA5 /* GalleryView.swift */,
				D63BEE6925F575CE007C4AA5 /* MainView.swift */,
			);
			path = App;
			sourceTree = "<group>";
		};
		D63BEE6C25F57703007C4AA5 /* View */ = {
			isa = PBXGroup;
			children = (
				D63BEE6D25F57710007C4AA5 /* CoverImageView.swift */,
				D63BEE7B25F57B3C007C4AA5 /* AnimalListItemView.swift */,
				D619C07525F62A3200210896 /* AnimalDetailView.swift */,
				D619C07825F62CC200210896 /* HeadingView.swift */,
				D619C07B25F62E0900210896 /* InsetGalleryView.swift */,
				D69818EF2600C7FC00AB0DD3 /* InsetFactView.swift */,
				D64779A42600D2F600CAECD4 /* InsetMapView.swift */,
				D64779A72600D62900CAECD4 /* ExternalWeblinkView.swift */,
				D6147EF6260266910022B7E9 /* VideoListItemView.swift */,
				D6147EFA26026C650022B7E9 /* VideoPlayerView.swift */,
			);
			path = View;
			sourceTree = "<group>";
		};
		D63BEE7125F577ED007C4AA5 /* Model */ = {
			isa = PBXGroup;
			children = (
				D63BEE7225F57801007C4AA5 /* CoverImageModel.swift */,
				D63BEE7E25F57CA0007C4AA5 /* AnimalModel.swift */,
				D6147EF3260266400022B7E9 /* VideoModel.swift */,
			);
			path = Model;
			sourceTree = "<group>";
		};
		D63BEE7625F57856007C4AA5 /* Extension */ = {
			isa = PBXGroup;
			children = (
				D63BEE7725F57869007C4AA5 /* CodableBundleExtension.swift */,
			);
			path = Extension;
			sourceTree = "<group>";
		};
/* End PBXGroup section */

/* Begin PBXNativeTarget section */
		D63BEE2925F5711C007C4AA5 /* Africa */ = {
			isa = PBXNativeTarget;
			buildConfigurationList = D63BEE3925F5711D007C4AA5 /* Build configuration list for PBXNativeTarget "Africa" */;
			buildPhases = (
				D63BEE2625F5711C007C4AA5 /* Sources */,
				D63BEE2725F5711C007C4AA5 /* Frameworks */,
				D63BEE2825F5711C007C4AA5 /* Resources */,
			);
			buildRules = (
			);
			dependencies = (
			);
			name = Africa;
			productName = Africa;
			productReference = D63BEE2A25F5711C007C4AA5 /* Africa.app */;
			productType = "com.apple.product-type.application";
		};
/* End PBXNativeTarget section */

/* Begin PBXProject section */
		D63BEE2225F5711C007C4AA5 /* Project object */ = {
			isa = PBXProject;
			attributes = {
				LastSwiftUpdateCheck = 1240;
				LastUpgradeCheck = 1240;
				TargetAttributes = {
					D63BEE2925F5711C007C4AA5 = {
						CreatedOnToolsVersion = 12.4;
					};
				};
			};
			buildConfigurationList = D63BEE2525F5711C007C4AA5 /* Build configuration list for PBXProject "Africa" */;
			compatibilityVersion = "Xcode 9.3";
			developmentRegion = en;
			hasScannedForEncodings = 0;
			knownRegions = (
				en,
				Base,
			);
			mainGroup = D63BEE2125F5711C007C4AA5;
			productRefGroup = D63BEE2B25F5711C007C4AA5 /* Products */;
			projectDirPath = "";
			projectRoot = "";
			targets = (
				D63BEE2925F5711C007C4AA5 /* Africa */,
			);
		};
/* End PBXProject section */

/* Begin PBXResourcesBuildPhase section */
		D63BEE2825F5711C007C4AA5 /* Resources */ = {
			isa = PBXResourcesBuildPhase;
			buildActionMask = 2147483647;
			files = (
				D63BEE4925F572B1007C4AA5 /* hippo.mp4 in Resources */,
				D63BEE5125F572B1007C4AA5 /* lion.mp4 in Resources */,
				D63BEE3525F5711D007C4AA5 /* Preview Assets.xcassets in Resources */,
				D63BEE5925F572F8007C4AA5 /* videos.json in Resources */,
				D63BEE4A25F572B1007C4AA5 /* lioness.mp4 in Resources */,
				D63BEE5B25F572F8007C4AA5 /* covers.json in Resources */,
				D63BEE4825F572B1007C4AA5 /* gorilla.mp4 in Resources */,
				D63BEE4B25F572B1007C4AA5 /* zebra.mp4 in Resources */,
				D63BEE5A25F572F8007C4AA5 /* locations.json in Resources */,
				D63BEE4C25F572B1007C4AA5 /* giraffe.mp4 in Resources */,
				D63BEE5825F572F8007C4AA5 /* animals.json in Resources */,
				D63BEE4D25F572B1007C4AA5 /* ostrich.mp4 in Resources */,
				D63BEE3225F5711D007C4AA5 /* Assets.xcassets in Resources */,
				D63BEE4F25F572B1007C4AA5 /* elephant.mp4 in Resources */,
				D63BEE5025F572B1007C4AA5 /* rhino.mp4 in Resources */,
				D63BEE4E25F572B1007C4AA5 /* cheetah.mp4 in Resources */,
			);
			runOnlyForDeploymentPostprocessing = 0;
		};
/* End PBXResourcesBuildPhase section */

/* Begin PBXSourcesBuildPhase section */
		D63BEE2625F5711C007C4AA5 /* Sources */ = {
			isa = PBXSourcesBuildPhase;
			buildActionMask = 2147483647;
			files = (
				D64779A82600D62900CAECD4 /* ExternalWeblinkView.swift in Sources */,
				D63BEE3025F5711C007C4AA5 /* ContentView.swift in Sources */,
				D63BEE7C25F57B3C007C4AA5 /* AnimalListItemView.swift in Sources */,
				D63BEE6A25F575CE007C4AA5 /* MainView.swift in Sources */,
				D69818F02600C7FC00AB0DD3 /* InsetFactView.swift in Sources */,
				D63BEE6E25F57710007C4AA5 /* CoverImageView.swift in Sources */,
				D63BEE7325F57801007C4AA5 /* CoverImageModel.swift in Sources */,
				D619C07625F62A3200210896 /* AnimalDetailView.swift in Sources */,
				D63BEE7F25F57CA0007C4AA5 /* AnimalModel.swift in Sources */,
				D63BEE6425F575AA007C4AA5 /* MapView.swift in Sources */,
				D6147EFF26026D2A0022B7E9 /* VideoPlayerHelper.swift in Sources */,
				D64779A52600D2F600CAECD4 /* InsetMapView.swift in Sources */,
				D63BEE2E25F5711C007C4AA5 /* AfricaApp.swift in Sources */,
				D63BEE6125F5759A007C4AA5 /* VideoListView.swift in Sources */,
				D6147EF4260266400022B7E9 /* VideoModel.swift in Sources */,
				D63BEE6725F575BE007C4AA5 /* GalleryView.swift in Sources */,
				D619C07C25F62E0900210896 /* InsetGalleryView.swift in Sources */,
				D6147EF7260266910022B7E9 /* VideoListItemView.swift in Sources */,
				D63BEE7825F57869007C4AA5 /* CodableBundleExtension.swift in Sources */,
				D619C07925F62CC200210896 /* HeadingView.swift in Sources */,
				D6147EFB26026C650022B7E9 /* VideoPlayerView.swift in Sources */,
			);
			runOnlyForDeploymentPostprocessing = 0;
		};
/* End PBXSourcesBuildPhase section */

/* Begin XCBuildConfiguration section */
		D63BEE3725F5711D007C4AA5 /* Debug */ = {
			isa = XCBuildConfiguration;
			buildSettings = {
				ALWAYS_SEARCH_USER_PATHS = NO;
				CLANG_ANALYZER_NONNULL = YES;
				CLANG_ANALYZER_NUMBER_OBJECT_CONVERSION = YES_AGGRESSIVE;
				CLANG_CXX_LANGUAGE_STANDARD = "gnu++14";
				CLANG_CXX_LIBRARY = "libc++";
				CLANG_ENABLE_MODULES = YES;
				CLANG_ENABLE_OBJC_ARC = YES;
				CLANG_ENABLE_OBJC_WEAK = YES;
				CLANG_WARN_BLOCK_CAPTURE_AUTORELEASING = YES;
				CLANG_WARN_BOOL_CONVERSION = YES;
				CLANG_WARN_COMMA = YES;
				CLANG_WARN_CONSTANT_CONVERSION = YES;
				CLANG_WARN_DEPRECATED_OBJC_IMPLEMENTATIONS = YES;
				CLANG_WARN_DIRECT_OBJC_ISA_USAGE = YES_ERROR;
				CLANG_WARN_DOCUMENTATION_COMMENTS = YES;
				CLANG_WARN_EMPTY_BODY = YES;
				CLANG_WARN_ENUM_CONVERSION = YES;
				CLANG_WARN_INFINITE_RECURSION = YES;
				CLANG_WARN_INT_CONVERSION = YES;
				CLANG_WARN_NON_LITERAL_NULL_CONVERSION = YES;
				CLANG_WARN_OBJC_IMPLICIT_RETAIN_SELF = YES;
				CLANG_WARN_OBJC_LITERAL_CONVERSION = YES;
				CLANG_WARN_OBJC_ROOT_CLASS = YES_ERROR;
				CLANG_WARN_QUOTED_INCLUDE_IN_FRAMEWORK_HEADER = YES;
				CLANG_WARN_RANGE_LOOP_ANALYSIS = YES;
				CLANG_WARN_STRICT_PROTOTYPES = YES;
				CLANG_WARN_SUSPICIOUS_MOVE = YES;
				CLANG_WARN_UNGUARDED_AVAILABILITY = YES_AGGRESSIVE;
				CLANG_WARN_UNREACHABLE_CODE = YES;
				CLANG_WARN__DUPLICATE_METHOD_MATCH = YES;
				COPY_PHASE_STRIP = NO;
				DEBUG_INFORMATION_FORMAT = dwarf;
				ENABLE_STRICT_OBJC_MSGSEND = YES;
				ENABLE_TESTABILITY = YES;
				GCC_C_LANGUAGE_STANDARD = gnu11;
				GCC_DYNAMIC_NO_PIC = NO;
				GCC_NO_COMMON_BLOCKS = YES;
				GCC_OPTIMIZATION_LEVEL = 0;
				GCC_PREPROCESSOR_DEFINITIONS = (
					"DEBUG=1",
					"$(inherited)",
				);
				GCC_WARN_64_TO_32_BIT_CONVERSION = YES;
				GCC_WARN_ABOUT_RETURN_TYPE = YES_ERROR;
				GCC_WARN_UNDECLARED_SELECTOR = YES;
				GCC_WARN_UNINITIALIZED_AUTOS = YES_AGGRESSIVE;
				GCC_WARN_UNUSED_FUNCTION = YES;
				GCC_WARN_UNUSED_VARIABLE = YES;
				IPHONEOS_DEPLOYMENT_TARGET = 14.4;
				MTL_ENABLE_DEBUG_INFO = INCLUDE_SOURCE;
				MTL_FAST_MATH = YES;
				ONLY_ACTIVE_ARCH = YES;
				SDKROOT = iphoneos;
				SWIFT_ACTIVE_COMPILATION_CONDITIONS = DEBUG;
				SWIFT_OPTIMIZATION_LEVEL = "-Onone";
			};
			name = Debug;
		};
		D63BEE3825F5711D007C4AA5 /* Release */ = {
			isa = XCBuildConfiguration;
			buildSettings = {
				ALWAYS_SEARCH_USER_PATHS = NO;
				CLANG_ANALYZER_NONNULL = YES;
				CLANG_ANALYZER_NUMBER_OBJECT_CONVERSION = YES_AGGRESSIVE;
				CLANG_CXX_LANGUAGE_STANDARD = "gnu++14";
				CLANG_CXX_LIBRARY = "libc++";
				CLANG_ENABLE_MODULES = YES;
				CLANG_ENABLE_OBJC_ARC = YES;
				CLANG_ENABLE_OBJC_WEAK = YES;
				CLANG_WARN_BLOCK_CAPTURE_AUTORELEASING = YES;
				CLANG_WARN_BOOL_CONVERSION = YES;
				CLANG_WARN_COMMA = YES;
				CLANG_WARN_CONSTANT_CONVERSION = YES;
				CLANG_WARN_DEPRECATED_OBJC_IMPLEMENTATIONS = YES;
				CLANG_WARN_DIRECT_OBJC_ISA_USAGE = YES_ERROR;
				CLANG_WARN_DOCUMENTATION_COMMENTS = YES;
				CLANG_WARN_EMPTY_BODY = YES;
				CLANG_WARN_ENUM_CONVERSION = YES;
				CLANG_WARN_INFINITE_RECURSION = YES;
				CLANG_WARN_INT_CONVERSION = YES;
				CLANG_WARN_NON_LITERAL_NULL_CONVERSION = YES;
				CLANG_WARN_OBJC_IMPLICIT_RETAIN_SELF = YES;
				CLANG_WARN_OBJC_LITERAL_CONVERSION = YES;
				CLANG_WARN_OBJC_ROOT_CLASS = YES_ERROR;
				CLANG_WARN_QUOTED_INCLUDE_IN_FRAMEWORK_HEADER = YES;
				CLANG_WARN_RANGE_LOOP_ANALYSIS = YES;
				CLANG_WARN_STRICT_PROTOTYPES = YES;
				CLANG_WARN_SUSPICIOUS_MOVE = YES;
				CLANG_WARN_UNGUARDED_AVAILABILITY = YES_AGGRESSIVE;
				CLANG_WARN_UNREACHABLE_CODE = YES;
				CLANG_WARN__DUPLICATE_METHOD_MATCH = YES;
				COPY_PHASE_STRIP = NO;
				DEBUG_INFORMATION_FORMAT = "dwarf-with-dsym";
				ENABLE_NS_ASSERTIONS = NO;
				ENABLE_STRICT_OBJC_MSGSEND = YES;
				GCC_C_LANGUAGE_STANDARD = gnu11;
				GCC_NO_COMMON_BLOCKS = YES;
				GCC_WARN_64_TO_32_BIT_CONVERSION = YES;
				GCC_WARN_ABOUT_RETURN_TYPE = YES_ERROR;
				GCC_WARN_UNDECLARED_SELECTOR = YES;
				GCC_WARN_UNINITIALIZED_AUTOS = YES_AGGRESSIVE;
				GCC_WARN_UNUSED_FUNCTION = YES;
				GCC_WARN_UNUSED_VARIABLE = YES;
				IPHONEOS_DEPLOYMENT_TARGET = 14.4;
				MTL_ENABLE_DEBUG_INFO = NO;
				MTL_FAST_MATH = YES;
				SDKROOT = iphoneos;
				SWIFT_COMPILATION_MODE = wholemodule;
				SWIFT_OPTIMIZATION_LEVEL = "-O";
				VALIDATE_PRODUCT = YES;
			};
			name = Release;
		};
		D63BEE3A25F5711D007C4AA5 /* Debug */ = {
			isa = XCBuildConfiguration;
			buildSettings = {
				ASSETCATALOG_COMPILER_APPICON_NAME = AppIcon;
				ASSETCATALOG_COMPILER_GLOBAL_ACCENT_COLOR_NAME = AccentColor;
				CODE_SIGN_STYLE = Automatic;
				DEVELOPMENT_ASSET_PATHS = "\"Africa/Preview Content\"";
				DEVELOPMENT_TEAM = FH6MHCYNH7;
				ENABLE_PREVIEWS = YES;
				INFOPLIST_FILE = Africa/Info.plist;
				IPHONEOS_DEPLOYMENT_TARGET = 14.0;
				LD_RUNPATH_SEARCH_PATHS = (
					"$(inherited)",
					"@executable_path/Frameworks",
				);
				PRODUCT_BUNDLE_IDENTIFIER = com.kusjedrzej.Africa;
				PRODUCT_NAME = "$(TARGET_NAME)";
				SWIFT_VERSION = 5.0;
				TARGETED_DEVICE_FAMILY = "1,2";
			};
			name = Debug;
		};
		D63BEE3B25F5711D007C4AA5 /* Release */ = {
			isa = XCBuildConfiguration;
			buildSettings = {
				ASSETCATALOG_COMPILER_APPICON_NAME = AppIcon;
				ASSETCATALOG_COMPILER_GLOBAL_ACCENT_COLOR_NAME = AccentColor;
				CODE_SIGN_STYLE = Automatic;
				DEVELOPMENT_ASSET_PATHS = "\"Africa/Preview Content\"";
				DEVELOPMENT_TEAM = FH6MHCYNH7;
				ENABLE_PREVIEWS = YES;
				INFOPLIST_FILE = Africa/Info.plist;
				IPHONEOS_DEPLOYMENT_TARGET = 14.0;
				LD_RUNPATH_SEARCH_PATHS = (
					"$(inherited)",
					"@executable_path/Frameworks",
				);
				PRODUCT_BUNDLE_IDENTIFIER = com.kusjedrzej.Africa;
				PRODUCT_NAME = "$(TARGET_NAME)";
				SWIFT_VERSION = 5.0;
				TARGETED_DEVICE_FAMILY = "1,2";
			};
			name = Release;
		};
/* End XCBuildConfiguration section */

/* Begin XCConfigurationList section */
		D63BEE2525F5711C007C4AA5 /* Build configuration list for PBXProject "Africa" */ = {
			isa = XCConfigurationList;
			buildConfigurations = (
				D63BEE3725F5711D007C4AA5 /* Debug */,
				D63BEE3825F5711D007C4AA5 /* Release */,
			);
			defaultConfigurationIsVisible = 0;
			defaultConfigurationName = Release;
		};
		D63BEE3925F5711D007C4AA5 /* Build configuration list for PBXNativeTarget "Africa" */ = {
			isa = XCConfigurationList;
			buildConfigurations = (
				D63BEE3A25F5711D007C4AA5 /* Debug */,
				D63BEE3B25F5711D007C4AA5 /* Release */,
			);
			defaultConfigurationIsVisible = 0;
			defaultConfigurationName = Release;
		};
/* End XCConfigurationList section */
	};
	rootObject = D63BEE2225F5711C007C4AA5 /* Project object */;
}
